
Microsoft Visual Studio Solution File, Format Version 11.00
# Visual Studio 2010
Project("{8BC9CEB8-8B4A-11D0-8D11-00A0C91BC942}") = "freeglut", "freeglut.vcxproj", "{1AE4E979-0D35-4747-BF8E-DD60358F49DB}"
EndProject
Project("{8BC9CEB8-8B4A-11D0-8D11-00A0C91BC942}") = "CallbackMaker", "CallbackMaker\CallbackMaker.vcxproj", "{6383110F-E0DA-4604-A510-63A46FCB844B}"
	ProjectSection(ProjectDependencies) = postProject
		{1AE4E979-0D35-4747-BF8E-DD60358F49DB} = {1AE4E979-0D35-4747-BF8E-DD60358F49DB}
	EndProjectSection
EndProject
Project("{8BC9CEB8-8B4A-11D0-8D11-00A0C91BC942}") = "Fractals", "Fractals\Fractals.vcxproj", "{289436C6-B6B4-40AD-8D0E-8B3BFB7075E2}"
	ProjectSection(ProjectDependencies) = postProject
		{1AE4E979-0D35-4747-BF8E-DD60358F49DB} = {1AE4E979-0D35-4747-BF8E-DD60358F49DB}
	EndProjectSection
EndProject
Project("{8BC9CEB8-8B4A-11D0-8D11-00A0C91BC942}") = "Fractals_random", "Fractals_random\Fractals_random.vcxproj", "{0D61E7A8-BF10-4C13-B5F4-971851C89E23}"
	ProjectSection(ProjectDependencies) = postProject
		{1AE4E979-0D35-4747-BF8E-DD60358F49DB} = {1AE4E979-0D35-4747-BF8E-DD60358F49DB}
	EndProjectSection
EndProject
Project("{8BC9CEB8-8B4A-11D0-8D11-00A0C91BC942}") = "Lorenz", "Lorenz\Lorenz.vcxproj", "{6805E1E3-F437-4621-AA68-0778BDEE51EF}"
	ProjectSection(ProjectDependencies) = postProject
		{1AE4E979-0D35-4747-BF8E-DD60358F49DB} = {1AE4E979-0D35-4747-BF8E-DD60358F49DB}
	EndProjectSection
EndProject
Project("{8BC9CEB8-8B4A-11D0-8D11-00A0C91BC942}") = "One", "One\One.vcxproj", "{6B5B08E3-B24F-4A22-83AC-EF07A9B6C036}"
	ProjectSection(ProjectDependencies) = postProject
		{1AE4E979-0D35-4747-BF8E-DD60358F49DB} = {1AE4E979-0D35-4747-BF8E-DD60358F49DB}
	EndProjectSection
EndProject
Project("{8BC9CEB8-8B4A-11D0-8D11-00A0C91BC942}") = "shapes", "shapes\shapes.vcxproj", "{9CF59EE9-AEE3-46FB-8026-DF1DDA75DF18}"
	ProjectSection(ProjectDependencies) = postProject
		{1AE4E979-0D35-4747-BF8E-DD60358F49DB} = {1AE4E979-0D35-4747-BF8E-DD60358F49DB}
	EndProjectSection
EndProject
Project("{8BC9CEB8-8B4A-11D0-8D11-00A0C91BC942}") = "smooth_opengl3", "smooth_opengl3\smooth_opengl3.vcxproj", "{BEA6A000-DB05-4410-9863-42AAAD57AA1E}"
	ProjectSection(ProjectDependencies) = postProject
		{1AE4E979-0D35-4747-BF8E-DD60358F49DB} = {1AE4E979-0D35-4747-BF8E-DD60358F49DB}
	EndProjectSection
EndProject
Project("{8BC9CEB8-8B4A-11D0-8D11-00A0C91BC942}") = "subwin", "subwin\subwin.vcxproj", "{CD3C35E0-FED3-4425-8CF9-A772667D464B}"
	ProjectSection(ProjectDependencies) = postProject
		{1AE4E979-0D35-4747-BF8E-DD60358F49DB} = {1AE4E979-0D35-4747-BF8E-DD60358F49DB}
	EndProjectSection
EndProject
Project("{8BC9CEB8-8B4A-11D0-8D11-00A0C91BC942}") = "Resizer", "Resizer\Resizer.vcxproj", "{8034DA32-26FB-46FC-A47B-2E3EAD39B34E}"
	ProjectSection(ProjectDependencies) = postProject
		{1AE4E979-0D35-4747-BF8E-DD60358F49DB} = {1AE4E979-0D35-4747-BF8E-DD60358F49DB}
	EndProjectSection
EndProject
Global
	GlobalSection(SolutionConfigurationPlatforms) = preSolution
		Debug_Static|Win32 = Debug_Static|Win32
		Debug_Static|x64 = Debug_Static|x64
		Debug|Win32 = Debug|Win32
		Debug|x64 = Debug|x64
		Release_Static|Win32 = Release_Static|Win32
		Release_Static|x64 = Release_Static|x64
		Release|Win32 = Release|Win32
		Release|x64 = Release|x64
	EndGlobalSection
	GlobalSection(ProjectConfigurationPlatforms) = postSolution
		{1AE4E979-0D35-4747-BF8E-DD60358F49DB}.Debug_Static|Win32.ActiveCfg = Debug_Static|Win32
		{1AE4E979-0D35-4747-BF8E-DD60358F49DB}.Debug_Static|Win32.Build.0 = Debug_Static|Win32
		{1AE4E979-0D35-4747-BF8E-DD60358F49DB}.Debug_Static|x64.ActiveCfg = Debug_Static|x64
		{1AE4E979-0D35-4747-BF8E-DD60358F49DB}.Debug_Static|x64.Build.0 = Debug_Static|x64
		{1AE4E979-0D35-4747-BF8E-DD60358F49DB}.Debug|Win32.ActiveCfg = Debug|Win32
		{1AE4E979-0D35-4747-BF8E-DD60358F49DB}.Debug|Win32.Build.0 = Debug|Win32
		{1AE4E979-0D35-4747-BF8E-DD60358F49DB}.Debug|x64.ActiveCfg = Debug|x64
		{1AE4E979-0D35-4747-BF8E-DD60358F49DB}.Debug|x64.Build.0 = Debug|x64
		{1AE4E979-0D35-4747-BF8E-DD60358F49DB}.Release_Static|Win32.ActiveCfg = Release_Static|Win32
		{1AE4E979-0D35-4747-BF8E-DD60358F49DB}.Release_Static|Win32.Build.0 = Release_Static|Win32
		{1AE4E979-0D35-4747-BF8E-DD60358F49DB}.Release_Static|x64.ActiveCfg = Release_Static|x64
		{1AE4E979-0D35-4747-BF8E-DD60358F49DB}.Release_Static|x64.Build.0 = Release_Static|x64
		{1AE4E979-0D35-4747-BF8E-DD60358F49DB}.Release|Win32.ActiveCfg = Release|Win32
		{1AE4E979-0D35-4747-BF8E-DD60358F49DB}.Release|Win32.Build.0 = Release|Win32
		{1AE4E979-0D35-4747-BF8E-DD60358F49DB}.Release|x64.ActiveCfg = Release|x64
		{1AE4E979-0D35-4747-BF8E-DD60358F49DB}.Release|x64.Build.0 = Release|x64
		{6383110F-E0DA-4604-A510-63A46FCB844B}.Debug_Static|Win32.ActiveCfg = Debug_Static|Win32
		{6383110F-E0DA-4604-A510-63A46FCB844B}.Debug_Static|Win32.Build.0 = Debug_Static|Win32
		{6383110F-E0DA-4604-A510-63A46FCB844B}.Debug_Static|x64.ActiveCfg = Debug_Static|x64
		{6383110F-E0DA-4604-A510-63A46FCB844B}.Debug_Static|x64.Build.0 = Debug_Static|x64
		{6383110F-E0DA-4604-A510-63A46FCB844B}.Debug|Win32.ActiveCfg = Debug|Win32
		{6383110F-E0DA-4604-A510-63A46FCB844B}.Debug|Win32.Build.0 = Debug|Win32
		{6383110F-E0DA-4604-A510-63A46FCB844B}.Debug|x64.ActiveCfg = Debug|x64
		{6383110F-E0DA-4604-A510-63A46FCB844B}.Debug|x64.Build.0 = Debug|x64
		{6383110F-E0DA-4604-A510-63A46FCB844B}.Release_Static|Win32.ActiveCfg = Release_Static|Win32
		{6383110F-E0DA-4604-A510-63A46FCB844B}.Release_Static|Win32.Build.0 = Release_Static|Win32
		{6383110F-E0DA-4604-A510-63A46FCB844B}.Release_Static|x64.ActiveCfg = Release_Static|x64
		{6383110F-E0DA-4604-A510-63A46FCB844B}.Release_Static|x64.Build.0 = Release_Static|x64
		{6383110F-E0DA-4604-A510-63A46FCB844B}.Release|Win32.ActiveCfg = Release|Win32
		{6383110F-E0DA-4604-A510-63A46FCB844B}.Release|Win32.Build.0 = Release|Win32
		{6383110F-E0DA-4604-A510-63A46FCB844B}.Release|x64.ActiveCfg = Release|x64
		{6383110F-E0DA-4604-A510-63A46FCB844B}.Release|x64.Build.0 = Release|x64
		{289436C6-B6B4-40AD-8D0E-8B3BFB7075E2}.Debug_Static|Win32.ActiveCfg = Debug_Static|Win32
		{289436C6-B6B4-40AD-8D0E-8B3BFB7075E2}.Debug_Static|Win32.Build.0 = Debug_Static|Win32
		{289436C6-B6B4-40AD-8D0E-8B3BFB7075E2}.Debug_Static|x64.ActiveCfg = Debug_Static|x64
		{289436C6-B6B4-40AD-8D0E-8B3BFB7075E2}.Debug_Static|x64.Build.0 = Debug_Static|x64
		{289436C6-B6B4-40AD-8D0E-8B3BFB7075E2}.Debug|Win32.ActiveCfg = Debug|Win32
		{289436C6-B6B4-40AD-8D0E-8B3BFB7075E2}.Debug|Win32.Build.0 = Debug|Win32
		{289436C6-B6B4-40AD-8D0E-8B3BFB7075E2}.Debug|x64.ActiveCfg = Debug|x64
		{289436C6-B6B4-40AD-8D0E-8B3BFB7075E2}.Debug|x64.Build.0 = Debug|x64
		{289436C6-B6B4-40AD-8D0E-8B3BFB7075E2}.Release_Static|Win32.ActiveCfg = Release_Static|Win32
		{289436C6-B6B4-40AD-8D0E-8B3BFB7075E2}.Release_Static|Win32.Build.0 = Release_Static|Win32
		{289436C6-B6B4-40AD-8D0E-8B3BFB7075E2}.Release_Static|x64.ActiveCfg = Release_Static|x64
		{289436C6-B6B4-40AD-8D0E-8B3BFB7075E2}.Release_Static|x64.Build.0 = Release_Static|x64
		{289436C6-B6B4-40AD-8D0E-8B3BFB7075E2}.Release|Win32.ActiveCfg = Release|Win32
		{289436C6-B6B4-40AD-8D0E-8B3BFB7075E2}.Release|Win32.Build.0 = Release|Win32
		{289436C6-B6B4-40AD-8D0E-8B3BFB7075E2}.Release|x64.ActiveCfg = Release|x64
		{289436C6-B6B4-40AD-8D0E-8B3BFB7075E2}.Release|x64.Build.0 = Release|x64
		{0D61E7A8-BF10-4C13-B5F4-971851C89E23}.Debug_Static|Win32.ActiveCfg = Debug_Static|Win32
		{0D61E7A8-BF10-4C13-B5F4-971851C89E23}.Debug_Static|Win32.Build.0 = Debug_Static|Win32
		{0D61E7A8-BF10-4C13-B5F4-971851C89E23}.Debug_Static|x64.ActiveCfg = Debug_Static|x64
		{0D61E7A8-BF10-4C13-B5F4-971851C89E23}.Debug_Static|x64.Build.0 = Debug_Static|x64
		{0D61E7A8-BF10-4C13-B5F4-971851C89E23}.Debug|Win32.ActiveCfg = Debug|Win32
		{0D61E7A8-BF10-4C13-B5F4-971851C89E23}.Debug|Win32.Build.0 = Debug|Win32
		{0D61E7A8-BF10-4C13-B5F4-971851C89E23}.Debug|x64.ActiveCfg = Debug|x64
		{0D61E7A8-BF10-4C13-B5F4-971851C89E23}.Debug|x64.Build.0 = Debug|x64
		{0D61E7A8-BF10-4C13-B5F4-971851C89E23}.Release_Static|Win32.ActiveCfg = Release_Static|Win32
		{0D61E7A8-BF10-4C13-B5F4-971851C89E23}.Release_Static|Win32.Build.0 = Release_Static|Win32
		{0D61E7A8-BF10-4C13-B5F4-971851C89E23}.Release_Static|x64.ActiveCfg = Release_Static|x64
		{0D61E7A8-BF10-4C13-B5F4-971851C89E23}.Release_Static|x64.Build.0 = Release_Static|x64
		{0D61E7A8-BF10-4C13-B5F4-971851C89E23}.Release|Win32.ActiveCfg = Release|Win32
		{0D61E7A8-BF10-4C13-B5F4-971851C89E23}.Release|Win32.Build.0 = Release|Win32
		{0D61E7A8-BF10-4C13-B5F4-971851C89E23}.Release|x64.ActiveCfg = Release|x64
		{0D61E7A8-BF10-4C13-B5F4-971851C89E23}.Release|x64.Build.0 = Release|x64
		{6805E1E3-F437-4621-AA68-0778BDEE51EF}.Debug_Static|Win32.ActiveCfg = Debug_Static|Win32
		{6805E1E3-F437-4621-AA68-0778BDEE51EF}.Debug_Static|Win32.Build.0 = Debug_Static|Win32
		{6805E1E3-F437-4621-AA68-0778BDEE51EF}.Debug_Static|x64.ActiveCfg = Debug_Static|x64
		{6805E1E3-F437-4621-AA68-0778BDEE51EF}.Debug_Static|x64.Build.0 = Debug_Static|x64
		{6805E1E3-F437-4621-AA68-0778BDEE51EF}.Debug|Win32.ActiveCfg = Debug|Win32
		{6805E1E3-F437-4621-AA68-0778BDEE51EF}.Debug|Win32.Build.0 = Debug|Win32
		{6805E1E3-F437-4621-AA68-0778BDEE51EF}.Debug|x64.ActiveCfg = Debug|x64
		{6805E1E3-F437-4621-AA68-0778BDEE51EF}.Debug|x64.Build.0 = Debug|x64
		{6805E1E3-F437-4621-AA68-0778BDEE51EF}.Release_Static|Win32.ActiveCfg = Release_Static|Win32
		{6805E1E3-F437-4621-AA68-0778BDEE51EF}.Release_Static|Win32.Build.0 = Release_Static|Win32
		{6805E1E3-F437-4621-AA68-0778BDEE51EF}.Release_Static|x64.ActiveCfg = Release_Static|x64
		{6805E1E3-F437-4621-AA68-0778BDEE51EF}.Release_Static|x64.Build.0 = Release_Static|x64
		{6805E1E3-F437-4621-AA68-0778BDEE51EF}.Release|Win32.ActiveCfg = Release|Win32
		{6805E1E3-F437-4621-AA68-0778BDEE51EF}.Release|Win32.Build.0 = Release|Win32
		{6805E1E3-F437-4621-AA68-0778BDEE51EF}.Release|x64.ActiveCfg = Release|x64
		{6805E1E3-F437-4621-AA68-0778BDEE51EF}.Release|x64.Build.0 = Release|x64
		{6B5B08E3-B24F-4A22-83AC-EF07A9B6C036}.Debug_Static|Win32.ActiveCfg = Debug_Static|Win32
		{6B5B08E3-B24F-4A22-83AC-EF07A9B6C036}.Debug_Static|Win32.Build.0 = Debug_Static|Win32
		{6B5B08E3-B24F-4A22-83AC-EF07A9B6C036}.Debug_Static|x64.ActiveCfg = Debug_Static|x64
		{6B5B08E3-B24F-4A22-83AC-EF07A9B6C036}.Debug_Static|x64.Build.0 = Debug_Static|x64
		{6B5B08E3-B24F-4A22-83AC-EF07A9B6C036}.Debug|Win32.ActiveCfg = Debug|Win32
		{6B5B08E3-B24F-4A22-83AC-EF07A9B6C036}.Debug|Win32.Build.0 = Debug|Win32
		{6B5B08E3-B24F-4A22-83AC-EF07A9B6C036}.Debug|x64.ActiveCfg = Debug|x64
		{6B5B08E3-B24F-4A22-83AC-EF07A9B6C036}.Debug|x64.Build.0 = Debug|x64
		{6B5B08E3-B24F-4A22-83AC-EF07A9B6C036}.Release_Static|Win32.ActiveCfg = Release_Static|Win32
		{6B5B08E3-B24F-4A22-83AC-EF07A9B6C036}.Release_Static|Win32.Build.0 = Release_Static|Win32
		{6B5B08E3-B24F-4A22-83AC-EF07A9B6C036}.Release_Static|x64.ActiveCfg = Release_Static|x64
		{6B5B08E3-B24F-4A22-83AC-EF07A9B6C036}.Release_Static|x64.Build.0 = Release_Static|x64
		{6B5B08E3-B24F-4A22-83AC-EF07A9B6C036}.Release|Win32.ActiveCfg = Release|Win32
		{6B5B08E3-B24F-4A22-83AC-EF07A9B6C036}.Release|Win32.Build.0 = Release|Win32
		{6B5B08E3-B24F-4A22-83AC-EF07A9B6C036}.Release|x64.ActiveCfg = Release|x64
		{6B5B08E3-B24F-4A22-83AC-EF07A9B6C036}.Release|x64.Build.0 = Release|x64
		{9CF59EE9-AEE3-46FB-8026-DF1DDA75DF18}.Debug_Static|Win32.ActiveCfg = Debug_Static|Win32
		{9CF59EE9-AEE3-46FB-8026-DF1DDA75DF18}.Debug_Static|Win32.Build.0 = Debug_Static|Win32
		{9CF59EE9-AEE3-46FB-8026-DF1DDA75DF18}.Debug_Static|x64.ActiveCfg = Debug_Static|x64
		{9CF59EE9-AEE3-46FB-8026-DF1DDA75DF18}.Debug_Static|x64.Build.0 = Debug_Static|x64
		{9CF59EE9-AEE3-46FB-8026-DF1DDA75DF18}.Debug|Win32.ActiveCfg = Debug|Win32
		{9CF59EE9-AEE3-46FB-8026-DF1DDA75DF18}.Debug|Win32.Build.0 = Debug|Win32
		{9CF59EE9-AEE3-46FB-8026-DF1DDA75DF18}.Debug|x64.ActiveCfg = Debug|x64
		{9CF59EE9-AEE3-46FB-8026-DF1DDA75DF18}.Debug|x64.Build.0 = Debug|x64
		{9CF59EE9-AEE3-46FB-8026-DF1DDA75DF18}.Release_Static|Win32.ActiveCfg = Release_Static|Win32
		{9CF59EE9-AEE3-46FB-8026-DF1DDA75DF18}.Release_Static|Win32.Build.0 = Release_Static|Win32
		{9CF59EE9-AEE3-46FB-8026-DF1DDA75DF18}.Release_Static|x64.ActiveCfg = Release_Static|x64
		{9CF59EE9-AEE3-46FB-8026-DF1DDA75DF18}.Release_Static|x64.Build.0 = Release_Static|x64
		{9CF59EE9-AEE3-46FB-8026-DF1DDA75DF18}.Release|Win32.ActiveCfg = Release|Win32
		{9CF59EE9-AEE3-46FB-8026-DF1DDA75DF18}.Release|Win32.Build.0 = Release|Win32
		{9CF59EE9-AEE3-46FB-8026-DF1DDA75DF18}.Release|x64.ActiveCfg = Release|x64
		{9CF59EE9-AEE3-46FB-8026-DF1DDA75DF18}.Release|x64.Build.0 = Release|x64
		{BEA6A000-DB05-4410-9863-42AAAD57AA1E}.Debug_Static|Win32.ActiveCfg = Debug_Static|Win32
		{BEA6A000-DB05-4410-9863-42AAAD57AA1E}.Debug_Static|Win32.Build.0 = Debug_Static|Win32
		{BEA6A000-DB05-4410-9863-42AAAD57AA1E}.Debug_Static|x64.ActiveCfg = Debug_Static|x64
		{BEA6A000-DB05-4410-9863-42AAAD57AA1E}.Debug_Static|x64.Build.0 = Debug_Static|x64
		{BEA6A000-DB05-4410-9863-42AAAD57AA1E}.Debug|Win32.ActiveCfg = Debug|Win32
		{BEA6A000-DB05-4410-9863-42AAAD57AA1E}.Debug|Win32.Build.0 = Debug|Win32
		{BEA6A000-DB05-4410-9863-42AAAD57AA1E}.Debug|x64.ActiveCfg = Debug|x64
		{BEA6A000-DB05-4410-9863-42AAAD57AA1E}.Debug|x64.Build.0 = Debug|x64
		{BEA6A000-DB05-4410-9863-42AAAD57AA1E}.Release_Static|Win32.ActiveCfg = Release_Static|Win32
		{BEA6A000-DB05-4410-9863-42AAAD57AA1E}.Release_Static|Win32.Build.0 = Release_Static|Win32
		{BEA6A000-DB05-4410-9863-42AAAD57AA1E}.Release_Static|x64.ActiveCfg = Release_Static|x64
		{BEA6A000-DB05-4410-9863-42AAAD57AA1E}.Release_Static|x64.Build.0 = Release_Static|x64
		{BEA6A000-DB05-4410-9863-42AAAD57AA1E}.Release|Win32.ActiveCfg = Release|Win32
		{BEA6A000-DB05-4410-9863-42AAAD57AA1E}.Release|Win32.Build.0 = Release|Win32
		{BEA6A000-DB05-4410-9863-42AAAD57AA1E}.Release|x64.ActiveCfg = Release|x64
		{BEA6A000-DB05-4410-9863-42AAAD57AA1E}.Release|x64.Build.0 = Release|x64
		{CD3C35E0-FED3-4425-8CF9-A772667D464B}.Debug_Static|Win32.ActiveCfg = Debug_Static|Win32
		{CD3C35E0-FED3-4425-8CF9-A772667D464B}.Debug_Static|Win32.Build.0 = Debug_Static|Win32
		{CD3C35E0-FED3-4425-8CF9-A772667D464B}.Debug_Static|x64.ActiveCfg = Debug_Static|x64
		{CD3C35E0-FED3-4425-8CF9-A772667D464B}.Debug_Static|x64.Build.0 = Debug_Static|x64
		{CD3C35E0-FED3-4425-8CF9-A772667D464B}.Debug|Win32.ActiveCfg = Debug|Win32
		{CD3C35E0-FED3-4425-8CF9-A772667D464B}.Debug|Win32.Build.0 = Debug|Win32
		{CD3C35E0-FED3-4425-8CF9-A772667D464B}.Debug|x64.ActiveCfg = Debug|x64
		{CD3C35E0-FED3-4425-8CF9-A772667D464B}.Debug|x64.Build.0 = Debug|x64
		{CD3C35E0-FED3-4425-8CF9-A772667D464B}.Release_Static|Win32.ActiveCfg = Release_Static|Win32
		{CD3C35E0-FED3-4425-8CF9-A772667D464B}.Release_Static|Win32.Build.0 = Release_Static|Win32
		{CD3C35E0-FED3-4425-8CF9-A772667D464B}.Release_Static|x64.ActiveCfg = Release_Static|x64
		{CD3C35E0-FED3-4425-8CF9-A772667D464B}.Release_Static|x64.Build.0 = Release_Static|x64
		{CD3C35E0-FED3-4425-8CF9-A772667D464B}.Release|Win32.ActiveCfg = Release|Win32
		{CD3C35E0-FED3-4425-8CF9-A772667D464B}.Release|Win32.Build.0 = Release|Win32
		{CD3C35E0-FED3-4425-8CF9-A772667D464B}.Release|x64.ActiveCfg = Release|x64
		{CD3C35E0-FED3-4425-8CF9-A772667D464B}.Release|x64.Build.0 = Release|x64
		{8034DA32-26FB-46FC-A47B-2E3EAD39B34E}.Debug_Static|Win32.ActiveCfg = Debug_Static|Win32
		{8034DA32-26FB-46FC-A47B-2E3EAD39B34E}.Debug_Static|Win32.Build.0 = Debug_Static|Win32
		{8034DA32-26FB-46FC-A47B-2E3EAD39B34E}.Debug_Static|x64.ActiveCfg = Debug_Static|x64
		{8034DA32-26FB-46FC-A47B-2E3EAD39B34E}.Debug_Static|x64.Build.0 = Debug_Static|x64
		{8034DA32-26FB-46FC-A47B-2E3EAD39B34E}.Debug|Win32.ActiveCfg = Debug|Win32
		{8034DA32-26FB-46FC-A47B-2E3EAD39B34E}.Debug|Win32.Build.0 = Debug|Win32
		{8034DA32-26FB-46FC-A47B-2E3EAD39B34E}.Debug|x64.ActiveCfg = Debug|x64
		{8034DA32-26FB-46FC-A47B-2E3EAD39B34E}.Debug|x64.Build.0 = Debug|x64
		{8034DA32-26FB-46FC-A47B-2E3EAD39B34E}.Release_Static|Win32.ActiveCfg = Release_Static|Win32
		{8034DA32-26FB-46FC-A47B-2E3EAD39B34E}.Release_Static|Win32.Build.0 = Release_Static|Win32
		{8034DA32-26FB-46FC-A47B-2E3EAD39B34E}.Release_Static|x64.ActiveCfg = Release_Static|x64
		{8034DA32-26FB-46FC-A47B-2E3EAD39B34E}.Release_Static|x64.Build.0 = Release_Static|x64
		{8034DA32-26FB-46FC-A47B-2E3EAD39B34E}.Release|Win32.ActiveCfg = Release|Win32
		{8034DA32-26FB-46FC-A47B-2E3EAD39B34E}.Release|Win32.Build.0 = Release|Win32
		{8034DA32-26FB-46FC-A47B-2E3EAD39B34E}.Release|x64.ActiveCfg = Release|x64
		{8034DA32-26FB-46FC-A47B-2E3EAD39B34E}.Release|x64.Build.0 = Release|x64
	EndGlobalSection
	GlobalSection(SolutionProperties) = preSolution
		HideSolutionNode = FALSE
	EndGlobalSection
EndGlobal
