<?xml version="1.0" encoding="utf-8"?>
<Project ToolsVersion="4.0" xmlns="http://schemas.microsoft.com/developer/msbuild/2003">
  <ItemGroup>
    <Filter Include="Source Files">
      <UniqueIdentifier>{6eece484-e981-49f2-8b4a-709efc3c99ac}</UniqueIdentifier>
      <Extensions>cpp;c;cxx;rc;def;r;odl;idl;hpj;bat</Extensions>
    </Filter>
    <Filter Include="Header Files">
      <UniqueIdentifier>{3fde4ff9-d2ce-44a9-bb91-82ac1e82c843}</UniqueIdentifier>
      <Extensions>h;hpp;hxx;hm;inl</Extensions>
    </Filter>
    <Filter Include="Resource Files">
      <UniqueIdentifier>{6d047688-5630-43f9-885d-d6aa0aba3773}</UniqueIdentifier>
      <Extensions>ico;cur;bmp;dlg;rc2;rct;bin;rgs;gif;jpg;jpeg;jpe</Extensions>
    </Filter>
    <Filter Include="Source Files\mswin">
      <UniqueIdentifier>{0c3de8b2-619b-4004-b9f4-3b1133120b3d}</UniqueIdentifier>
    </Filter>
  </ItemGroup>
  <ItemGroup>
    <ClCompile Include="..\..\src\Common\freeglut_callbacks.c">
      <Filter>Source Files</Filter>
    </ClCompile>
    <ClCompile Include="..\..\src\Common\freeglut_cursor.c">
      <Filter>Source Files</Filter>
    </ClCompile>
    <ClCompile Include="..\..\src\Common\freeglut_display.c">
      <Filter>Source Files</Filter>
    </ClCompile>
    <ClCompile Include="..\..\src\Common\freeglut_ext.c">
      <Filter>Source Files</Filter>
    </ClCompile>
    <ClCompile Include="..\..\src\Common\freeglut_font.c">
      <Filter>Source Files</Filter>
    </ClCompile>
    <ClCompile Include="..\..\src\Common\freeglut_font_data.c">
      <Filter>Source Files</Filter>
    </ClCompile>
    <ClCompile Include="..\..\src\Common\freeglut_gamemode.c">
      <Filter>Source Files</Filter>
    </ClCompile>
    <ClCompile Include="..\..\src\Common\freeglut_geometry.c">
      <Filter>Source Files</Filter>
    </ClCompile>
    <ClCompile Include="..\..\src\Common\freeglut_init.c">
      <Filter>Source Files</Filter>
    </ClCompile>
    <ClCompile Include="..\..\src\Common\freeglut_input_devices.c">
      <Filter>Source Files</Filter>
    </ClCompile>
    <ClCompile Include="..\..\src\Common\freeglut_joystick.c">
      <Filter>Source Files</Filter>
    </ClCompile>
    <ClCompile Include="..\..\src\Common\freeglut_main.c">
      <Filter>Source Files</Filter>
    </ClCompile>
    <ClCompile Include="..\..\src\Common\freeglut_menu.c">
      <Filter>Source Files</Filter>
    </ClCompile>
    <ClCompile Include="..\..\src\Common\freeglut_misc.c">
      <Filter>Source Files</Filter>
    </ClCompile>
    <ClCompile Include="..\..\src\Common\freeglut_overlay.c">
      <Filter>Source Files</Filter>
    </ClCompile>
    <ClCompile Include="..\..\src\Common\freeglut_spaceball.c">
      <Filter>Source Files</Filter>
    </ClCompile>
    <ClCompile Include="..\..\src\Common\freeglut_state.c">
      <Filter>Source Files</Filter>
    </ClCompile>
    <ClCompile Include="..\..\src\Common\freeglut_stroke_mono_roman.c">
      <Filter>Source Files</Filter>
    </ClCompile>
    <ClCompile Include="..\..\src\Common\freeglut_stroke_roman.c">
      <Filter>Source Files</Filter>
    </ClCompile>
    <ClCompile Include="..\..\src\Common\freeglut_structure.c">
      <Filter>Source Files</Filter>
    </ClCompile>
    <ClCompile Include="..\..\src\Common\freeglut_teapot.c">
      <Filter>Source Files</Filter>
    </ClCompile>
    <ClCompile Include="..\..\src\Common\freeglut_videoresize.c">
      <Filter>Source Files</Filter>
    </ClCompile>
    <ClCompile Include="..\..\src\Common\freeglut_window.c">
      <Filter>Source Files</Filter>
    </ClCompile>
    <ClCompile Include="..\..\src\mswin\freeglut_cursor_mswin.c">
      <Filter>Source Files\mswin</Filter>
    </ClCompile>
    <ClCompile Include="..\..\src\mswin\freeglut_display_mswin.c">
      <Filter>Source Files\mswin</Filter>
    </ClCompile>
    <ClCompile Include="..\..\src\mswin\freeglut_ext_mswin.c">
      <Filter>Source Files\mswin</Filter>
    </ClCompile>
    <ClCompile Include="..\..\src\mswin\freeglut_gamemode_mswin.c">
      <Filter>Source Files\mswin</Filter>
    </ClCompile>
    <ClCompile Include="..\..\src\mswin\freeglut_init_mswin.c">
      <Filter>Source Files\mswin</Filter>
    </ClCompile>
    <ClCompile Include="..\..\src\mswin\freeglut_input_devices_mswin.c">
      <Filter>Source Files\mswin</Filter>
    </ClCompile>
    <ClCompile Include="..\..\src\mswin\freeglut_joystick_mswin.c">
      <Filter>Source Files\mswin</Filter>
    </ClCompile>
    <ClCompile Include="..\..\src\mswin\freeglut_main_mswin.c">
      <Filter>Source Files\mswin</Filter>
    </ClCompile>
    <ClCompile Include="..\..\src\mswin\freeglut_menu_mswin.c">
      <Filter>Source Files\mswin</Filter>
    </ClCompile>
    <ClCompile Include="..\..\src\mswin\freeglut_spaceball_mswin.c">
      <Filter>Source Files\mswin</Filter>
    </ClCompile>
    <ClCompile Include="..\..\src\mswin\freeglut_state_mswin.c">
      <Filter>Source Files\mswin</Filter>
    </ClCompile>
    <ClCompile Include="..\..\src\mswin\freeglut_structure_mswin.c">
      <Filter>Source Files\mswin</Filter>
    </ClCompile>
    <ClCompile Include="..\..\src\mswin\freeglut_window_mswin.c">
      <Filter>Source Files\mswin</Filter>
    </ClCompile>
    <ClCompile Include="..\..\src\Common\xparsegeometry_repl.c">
      <Filter>Source Files</Filter>
    </ClCompile>
  </ItemGroup>
  <ItemGroup>
    <None Include="..\..\src\Common\freeglutdll.def">
      <Filter>Source Files</Filter>
    </None>
  </ItemGroup>
  <ItemGroup>
    <ClInclude Include="..\..\include\GL\freeglut.h">
      <Filter>Header Files</Filter>
    </ClInclude>
    <ClInclude Include="..\..\include\GL\freeglut_ext.h">
      <Filter>Header Files</Filter>
    </ClInclude>
    <ClInclude Include="..\..\src\Common\freeglut_internal.h">
      <Filter>Header Files</Filter>
    </ClInclude>
    <ClInclude Include="..\..\include\GL\freeglut_std.h">
      <Filter>Header Files</Filter>
    </ClInclude>
    <ClInclude Include="..\..\src\Common\freeglut_teapot_data.h">
      <Filter>Header Files</Filter>
    </ClInclude>
    <ClInclude Include="..\..\include\GL\glut.h">
      <Filter>Header Files</Filter>
    </ClInclude>
    <ClInclude Include="..\..\src\mswin\freeglut_internal_mswin.h">
      <Filter>Header Files</Filter>
    </ClInclude>
    <ClInclude Include="..\..\src\Common\xparsegeometry_repl.h">
      <Filter>Header Files</Filter>
    </ClInclude>
  </ItemGroup>
  <ItemGroup>
    <ResourceCompile Include="..\..\freeglut.rc">
      <Filter>Resource Files</Filter>
    </ResourceCompile>
  </ItemGroup>
</Project>